// !$*UTF8*$!
{
	archiveVersion = 1;
	classes = {
	};
	objectVersion = 51;
	objects = {

/* Begin PBXBuildFile section */
		9ADA7DAB786CAEF390A83126 /* Pods_Adori_Sample_App.framework in Frameworks */ = {isa = PBXBuildFile; fileRef = 76D527E855A9B4D746AE7AF5 /* Pods_Adori_Sample_App.framework */; };
		BB0C8CBB2670BAEC005D78E3 /* WithAdoriPlayerViewController.swift in Sources */ = {isa = PBXBuildFile; fileRef = BB0C8CBA2670BAEC005D78E3 /* WithAdoriPlayerViewController.swift */; };
		BB0C8CBD2670BC9A005D78E3 /* withoutAdoriPlayerViewController.swift in Sources */ = {isa = PBXBuildFile; fileRef = BB0C8CBC2670BC9A005D78E3 /* withoutAdoriPlayerViewController.swift */; };
		BB251A8226FA170E0018D8F1 /* UniversalAudioPlayer.swift in Sources */ = {isa = PBXBuildFile; fileRef = BB251A8126FA170E0018D8F1 /* UniversalAudioPlayer.swift */; };
		BB251A8426FA17BB0018D8F1 /* FoundationExtensions.swift in Sources */ = {isa = PBXBuildFile; fileRef = BB251A8326FA17BB0018D8F1 /* FoundationExtensions.swift */; };
		BB251A8826FA18200018D8F1 /* QueuePlayer.swift in Sources */ = {isa = PBXBuildFile; fileRef = BB251A8726FA18200018D8F1 /* QueuePlayer.swift */; };
		BB7689E4265E71DF003A15AB /* AppDelegate.swift in Sources */ = {isa = PBXBuildFile; fileRef = BB7689E3265E71DF003A15AB /* AppDelegate.swift */; };
		BB7689E6265E71DF003A15AB /* SceneDelegate.swift in Sources */ = {isa = PBXBuildFile; fileRef = BB7689E5265E71DF003A15AB /* SceneDelegate.swift */; };
		BB7689E8265E71DF003A15AB /* ViewController.swift in Sources */ = {isa = PBXBuildFile; fileRef = BB7689E7265E71DF003A15AB /* ViewController.swift */; };
		BB7689EB265E71DF003A15AB /* Main.storyboard in Resources */ = {isa = PBXBuildFile; fileRef = BB7689E9265E71DF003A15AB /* Main.storyboard */; };
		BB7689ED265E71E1003A15AB /* Assets.xcassets in Resources */ = {isa = PBXBuildFile; fileRef = BB7689EC265E71E1003A15AB /* Assets.xcassets */; };
		BB7689F0265E71E1003A15AB /* LaunchScreen.storyboard in Resources */ = {isa = PBXBuildFile; fileRef = BB7689EE265E71E1003A15AB /* LaunchScreen.storyboard */; };
		BB9F9208265FB65800561C30 /* AdoriServices-Info.plist in Resources */ = {isa = PBXBuildFile; fileRef = BB9F9207265FB65800561C30 /* AdoriServices-Info.plist */; };
/* End PBXBuildFile section */

/* Begin PBXFileReference section */
		76D527E855A9B4D746AE7AF5 /* Pods_Adori_Sample_App.framework */ = {isa = PBXFileReference; explicitFileType = wrapper.framework; includeInIndex = 0; path = Pods_Adori_Sample_App.framework; sourceTree = BUILT_PRODUCTS_DIR; };
		BB0C8CBA2670BAEC005D78E3 /* WithAdoriPlayerViewController.swift */ = {isa = PBXFileReference; lastKnownFileType = sourcecode.swift; path = WithAdoriPlayerViewController.swift; sourceTree = "<group>"; };
		BB0C8CBC2670BC9A005D78E3 /* withoutAdoriPlayerViewController.swift */ = {isa = PBXFileReference; lastKnownFileType = sourcecode.swift; path = withoutAdoriPlayerViewController.swift; sourceTree = "<group>"; };
		BB251A8126FA170E0018D8F1 /* UniversalAudioPlayer.swift */ = {isa = PBXFileReference; lastKnownFileType = sourcecode.swift; path = UniversalAudioPlayer.swift; sourceTree = "<group>"; };
		BB251A8326FA17BB0018D8F1 /* FoundationExtensions.swift */ = {isa = PBXFileReference; fileEncoding = 4; lastKnownFileType = sourcecode.swift; path = FoundationExtensions.swift; sourceTree = "<group>"; };
		BB251A8726FA18200018D8F1 /* QueuePlayer.swift */ = {isa = PBXFileReference; fileEncoding = 4; lastKnownFileType = sourcecode.swift; path = QueuePlayer.swift; sourceTree = "<group>"; };
		BB3615A026EA9DB50044282A /* GoogleMobileAds.xcframework */ = {isa = PBXFileReference; lastKnownFileType = wrapper.xcframework; name = GoogleMobileAds.xcframework; path = Pods/AdoriiOSSDK/GoogleMobileAds.xcframework; sourceTree = "<group>"; };
		BB7689E0265E71DF003A15AB /* Adori Sample App.app */ = {isa = PBXFileReference; explicitFileType = wrapper.application; includeInIndex = 0; path = "Adori Sample App.app"; sourceTree = BUILT_PRODUCTS_DIR; };
		BB7689E3265E71DF003A15AB /* AppDelegate.swift */ = {isa = PBXFileReference; lastKnownFileType = sourcecode.swift; path = AppDelegate.swift; sourceTree = "<group>"; };
		BB7689E5265E71DF003A15AB /* SceneDelegate.swift */ = {isa = PBXFileReference; lastKnownFileType = sourcecode.swift; path = SceneDelegate.swift; sourceTree = "<group>"; };
		BB7689E7265E71DF003A15AB /* ViewController.swift */ = {isa = PBXFileReference; lastKnownFileType = sourcecode.swift; path = ViewController.swift; sourceTree = "<group>"; };
		BB7689EA265E71DF003A15AB /* Base */ = {isa = PBXFileReference; lastKnownFileType = file.storyboard; name = Base; path = Base.lproj/Main.storyboard; sourceTree = "<group>"; };
		BB7689EC265E71E1003A15AB /* Assets.xcassets */ = {isa = PBXFileReference; lastKnownFileType = folder.assetcatalog; path = Assets.xcassets; sourceTree = "<group>"; };
		BB7689EF265E71E1003A15AB /* Base */ = {isa = PBXFileReference; lastKnownFileType = file.storyboard; name = Base; path = Base.lproj/LaunchScreen.storyboard; sourceTree = "<group>"; };
		BB7689F1265E71E1003A15AB /* Info.plist */ = {isa = PBXFileReference; lastKnownFileType = text.plist.xml; path = Info.plist; sourceTree = "<group>"; };
		BB9F9207265FB65800561C30 /* AdoriServices-Info.plist */ = {isa = PBXFileReference; fileEncoding = 4; lastKnownFileType = text.plist.xml; path = "AdoriServices-Info.plist"; sourceTree = "<group>"; };
		BC8CB1CBE914B03AE20C7F83 /* Pods-Adori Sample App.release.xcconfig */ = {isa = PBXFileReference; includeInIndex = 1; lastKnownFileType = text.xcconfig; name = "Pods-Adori Sample App.release.xcconfig"; path = "Target Support Files/Pods-Adori Sample App/Pods-Adori Sample App.release.xcconfig"; sourceTree = "<group>"; };
		C8195AAA7FF1F1B522870A03 /* Pods-Adori Sample App.debug.xcconfig */ = {isa = PBXFileReference; includeInIndex = 1; lastKnownFileType = text.xcconfig; name = "Pods-Adori Sample App.debug.xcconfig"; path = "Target Support Files/Pods-Adori Sample App/Pods-Adori Sample App.debug.xcconfig"; sourceTree = "<group>"; };
/* End PBXFileReference section */

/* Begin PBXFrameworksBuildPhase section */
		BB7689DD265E71DF003A15AB /* Frameworks */ = {
			isa = PBXFrameworksBuildPhase;
			buildActionMask = 2147483647;
			files = (
				9ADA7DAB786CAEF390A83126 /* Pods_Adori_Sample_App.framework in Frameworks */,
			);
			runOnlyForDeploymentPostprocessing = 0;
		};
/* End PBXFrameworksBuildPhase section */

/* Begin PBXGroup section */
		03686D6F152FB6E062A44B9D /* Pods */ = {
			isa = PBXGroup;
			children = (
				C8195AAA7FF1F1B522870A03 /* Pods-Adori Sample App.debug.xcconfig */,
				BC8CB1CBE914B03AE20C7F83 /* Pods-Adori Sample App.release.xcconfig */,
			);
			path = Pods;
			sourceTree = "<group>";
		};
		31AA5DB6310A366AF920DD2F /* Frameworks */ = {
			isa = PBXGroup;
			children = (
				BB3615A026EA9DB50044282A /* GoogleMobileAds.xcframework */,
				76D527E855A9B4D746AE7AF5 /* Pods_Adori_Sample_App.framework */,
			);
			name = Frameworks;
			sourceTree = "<group>";
		};
		BB7689D7265E71DF003A15AB = {
			isa = PBXGroup;
			children = (
				BB7689E2265E71DF003A15AB /* Adori Sample App */,
				BB7689E1265E71DF003A15AB /* Products */,
				03686D6F152FB6E062A44B9D /* Pods */,
				31AA5DB6310A366AF920DD2F /* Frameworks */,
			);
			sourceTree = "<group>";
		};
		BB7689E1265E71DF003A15AB /* Products */ = {
			isa = PBXGroup;
			children = (
				BB7689E0265E71DF003A15AB /* Adori Sample App.app */,
			);
			name = Products;
			sourceTree = "<group>";
		};
		BB7689E2265E71DF003A15AB /* Adori Sample App */ = {
			isa = PBXGroup;
			children = (
				BB9F9207265FB65800561C30 /* AdoriServices-Info.plist */,
				BB7689E3265E71DF003A15AB /* AppDelegate.swift */,
				BB7689E5265E71DF003A15AB /* SceneDelegate.swift */,
				BB7689E7265E71DF003A15AB /* ViewController.swift */,
				BB7689E9265E71DF003A15AB /* Main.storyboard */,
				BB7689EC265E71E1003A15AB /* Assets.xcassets */,
				BB7689EE265E71E1003A15AB /* LaunchScreen.storyboard */,
				BB7689F1265E71E1003A15AB /* Info.plist */,
				BB251A8726FA18200018D8F1 /* QueuePlayer.swift */,
				BB0C8CBA2670BAEC005D78E3 /* WithAdoriPlayerViewController.swift */,
				BB0C8CBC2670BC9A005D78E3 /* withoutAdoriPlayerViewController.swift */,
				BB251A8126FA170E0018D8F1 /* UniversalAudioPlayer.swift */,
				BB251A8326FA17BB0018D8F1 /* FoundationExtensions.swift */,
			);
			path = "Adori Sample App";
			sourceTree = "<group>";
		};
/* End PBXGroup section */

/* Begin PBXNativeTarget section */
		BB7689DF265E71DF003A15AB /* Adori Sample App */ = {
			isa = PBXNativeTarget;
			buildConfigurationList = BB7689F4265E71E1003A15AB /* Build configuration list for PBXNativeTarget "Adori Sample App" */;
			buildPhases = (
				31C9F1BDBAB279C6462E4322 /* [CP] Check Pods Manifest.lock */,
				BB7689DC265E71DF003A15AB /* Sources */,
				BB7689DD265E71DF003A15AB /* Frameworks */,
				BB7689DE265E71DF003A15AB /* Resources */,
				0D93F9C5F52BCC43622967A2 /* [CP] Embed Pods Frameworks */,
			);
			buildRules = (
			);
			dependencies = (
			);
			name = "Adori Sample App";
			productName = "Adori Sample App";
			productReference = BB7689E0265E71DF003A15AB /* Adori Sample App.app */;
			productType = "com.apple.product-type.application";
		};
/* End PBXNativeTarget section */

/* Begin PBXProject section */
		BB7689D8265E71DF003A15AB /* Project object */ = {
			isa = PBXProject;
			attributes = {
				LastSwiftUpdateCheck = 1250;
				LastUpgradeCheck = 1250;
				TargetAttributes = {
					BB7689DF265E71DF003A15AB = {
						CreatedOnToolsVersion = 12.5;
					};
				};
			};
			buildConfigurationList = BB7689DB265E71DF003A15AB /* Build configuration list for PBXProject "Adori Sample App" */;
			compatibilityVersion = "Xcode 9.3";
			developmentRegion = en;
			hasScannedForEncodings = 0;
			knownRegions = (
				en,
				Base,
			);
			mainGroup = BB7689D7265E71DF003A15AB;
			productRefGroup = BB7689E1265E71DF003A15AB /* Products */;
			projectDirPath = "";
			projectRoot = "";
			targets = (
				BB7689DF265E71DF003A15AB /* Adori Sample App */,
			);
		};
/* End PBXProject section */

/* Begin PBXResourcesBuildPhase section */
		BB7689DE265E71DF003A15AB /* Resources */ = {
			isa = PBXResourcesBuildPhase;
			buildActionMask = 2147483647;
			files = (
				BB7689F0265E71E1003A15AB /* LaunchScreen.storyboard in Resources */,
				BB7689ED265E71E1003A15AB /* Assets.xcassets in Resources */,
				BB9F9208265FB65800561C30 /* AdoriServices-Info.plist in Resources */,
				BB7689EB265E71DF003A15AB /* Main.storyboard in Resources */,
			);
			runOnlyForDeploymentPostprocessing = 0;
		};
/* End PBXResourcesBuildPhase section */

/* Begin PBXShellScriptBuildPhase section */
		0D93F9C5F52BCC43622967A2 /* [CP] Embed Pods Frameworks */ = {
			isa = PBXShellScriptBuildPhase;
			buildActionMask = 2147483647;
			files = (
			);
			inputFileListPaths = (
				"${PODS_ROOT}/Target Support Files/Pods-Adori Sample App/Pods-Adori Sample App-frameworks-${CONFIGURATION}-input-files.xcfilelist",
			);
			name = "[CP] Embed Pods Frameworks";
			outputFileListPaths = (
				"${PODS_ROOT}/Target Support Files/Pods-Adori Sample App/Pods-Adori Sample App-frameworks-${CONFIGURATION}-output-files.xcfilelist",
			);
			runOnlyForDeploymentPostprocessing = 0;
			shellPath = /bin/sh;
			shellScript = "\"${PODS_ROOT}/Target Support Files/Pods-Adori Sample App/Pods-Adori Sample App-frameworks.sh\"\n";
			showEnvVarsInLog = 0;
		};
		31C9F1BDBAB279C6462E4322 /* [CP] Check Pods Manifest.lock */ = {
			isa = PBXShellScriptBuildPhase;
			buildActionMask = 2147483647;
			files = (
			);
			inputFileListPaths = (
			);
			inputPaths = (
				"${PODS_PODFILE_DIR_PATH}/Podfile.lock",
				"${PODS_ROOT}/Manifest.lock",
			);
			name = "[CP] Check Pods Manifest.lock";
			outputFileListPaths = (
			);
			outputPaths = (
				"$(DERIVED_FILE_DIR)/Pods-Adori Sample App-checkManifestLockResult.txt",
			);
			runOnlyForDeploymentPostprocessing = 0;
			shellPath = /bin/sh;
			shellScript = "diff \"${PODS_PODFILE_DIR_PATH}/Podfile.lock\" \"${PODS_ROOT}/Manifest.lock\" > /dev/null\nif [ $? != 0 ] ; then\n    # print error to STDERR\n    echo \"error: The sandbox is not in sync with the Podfile.lock. Run 'pod install' or update your CocoaPods installation.\" >&2\n    exit 1\nfi\n# This output is used by Xcode 'outputs' to avoid re-running this script phase.\necho \"SUCCESS\" > \"${SCRIPT_OUTPUT_FILE_0}\"\n";
			showEnvVarsInLog = 0;
		};
/* End PBXShellScriptBuildPhase section */

/* Begin PBXSourcesBuildPhase section */
		BB7689DC265E71DF003A15AB /* Sources */ = {
			isa = PBXSourcesBuildPhase;
			buildActionMask = 2147483647;
			files = (
				BB251A8426FA17BB0018D8F1 /* FoundationExtensions.swift in Sources */,
				BB7689E8265E71DF003A15AB /* ViewController.swift in Sources */,
				BB251A8226FA170E0018D8F1 /* UniversalAudioPlayer.swift in Sources */,
				BB0C8CBD2670BC9A005D78E3 /* withoutAdoriPlayerViewController.swift in Sources */,
				BB0C8CBB2670BAEC005D78E3 /* WithAdoriPlayerViewController.swift in Sources */,
				BB251A8826FA18200018D8F1 /* QueuePlayer.swift in Sources */,
				BB7689E4265E71DF003A15AB /* AppDelegate.swift in Sources */,
				BB7689E6265E71DF003A15AB /* SceneDelegate.swift in Sources */,
			);
			runOnlyForDeploymentPostprocessing = 0;
		};
/* End PBXSourcesBuildPhase section */

/* Begin PBXVariantGroup section */
		BB7689E9265E71DF003A15AB /* Main.storyboard */ = {
			isa = PBXVariantGroup;
			children = (
				BB7689EA265E71DF003A15AB /* Base */,
			);
			name = Main.storyboard;
			sourceTree = "<group>";
		};
		BB7689EE265E71E1003A15AB /* LaunchScreen.storyboard */ = {
			isa = PBXVariantGroup;
			children = (
				BB7689EF265E71E1003A15AB /* Base */,
			);
			name = LaunchScreen.storyboard;
			sourceTree = "<group>";
		};
/* End PBXVariantGroup section */

/* Begin XCBuildConfiguration section */
		BB7689F2265E71E1003A15AB /* Debug */ = {
			isa = XCBuildConfiguration;
			buildSettings = {
				ALWAYS_SEARCH_USER_PATHS = NO;
				CLANG_ANALYZER_NONNULL = YES;
				CLANG_ANALYZER_NUMBER_OBJECT_CONVERSION = YES_AGGRESSIVE;
				CLANG_CXX_LANGUAGE_STANDARD = "gnu++14";
				CLANG_CXX_LIBRARY = "libc++";
				CLANG_ENABLE_MODULES = YES;
				CLANG_ENABLE_OBJC_ARC = YES;
				CLANG_ENABLE_OBJC_WEAK = YES;
				CLANG_WARN_BLOCK_CAPTURE_AUTORELEASING = YES;
				CLANG_WARN_BOOL_CONVERSION = YES;
				CLANG_WARN_COMMA = YES;
				CLANG_WARN_CONSTANT_CONVERSION = YES;
				CLANG_WARN_DEPRECATED_OBJC_IMPLEMENTATIONS = YES;
				CLANG_WARN_DIRECT_OBJC_ISA_USAGE = YES_ERROR;
				CLANG_WARN_DOCUMENTATION_COMMENTS = YES;
				CLANG_WARN_EMPTY_BODY = YES;
				CLANG_WARN_ENUM_CONVERSION = YES;
				CLANG_WARN_INFINITE_RECURSION = YES;
				CLANG_WARN_INT_CONVERSION = YES;
				CLANG_WARN_NON_LITERAL_NULL_CONVERSION = YES;
				CLANG_WARN_OBJC_IMPLICIT_RETAIN_SELF = YES;
				CLANG_WARN_OBJC_LITERAL_CONVERSION = YES;
				CLANG_WARN_OBJC_ROOT_CLASS = YES_ERROR;
				CLANG_WARN_QUOTED_INCLUDE_IN_FRAMEWORK_HEADER = YES;
				CLANG_WARN_RANGE_LOOP_ANALYSIS = YES;
				CLANG_WARN_STRICT_PROTOTYPES = YES;
				CLANG_WARN_SUSPICIOUS_MOVE = YES;
				CLANG_WARN_UNGUARDED_AVAILABILITY = YES_AGGRESSIVE;
				CLANG_WARN_UNREACHABLE_CODE = YES;
				CLANG_WARN__DUPLICATE_METHOD_MATCH = YES;
				COPY_PHASE_STRIP = NO;
				DEBUG_INFORMATION_FORMAT = dwarf;
				ENABLE_STRICT_OBJC_MSGSEND = YES;
				ENABLE_TESTABILITY = YES;
				GCC_C_LANGUAGE_STANDARD = gnu11;
				GCC_DYNAMIC_NO_PIC = NO;
				GCC_NO_COMMON_BLOCKS = YES;
				GCC_OPTIMIZATION_LEVEL = 0;
				GCC_PREPROCESSOR_DEFINITIONS = (
					"DEBUG=1",
					"$(inherited)",
				);
				GCC_WARN_64_TO_32_BIT_CONVERSION = YES;
				GCC_WARN_ABOUT_RETURN_TYPE = YES_ERROR;
				GCC_WARN_UNDECLARED_SELECTOR = YES;
				GCC_WARN_UNINITIALIZED_AUTOS = YES_AGGRESSIVE;
				GCC_WARN_UNUSED_FUNCTION = YES;
				GCC_WARN_UNUSED_VARIABLE = YES;
				IPHONEOS_DEPLOYMENT_TARGET = 14.5;
				MTL_ENABLE_DEBUG_INFO = INCLUDE_SOURCE;
				MTL_FAST_MATH = YES;
				ONLY_ACTIVE_ARCH = YES;
				SDKROOT = iphoneos;
				SWIFT_ACTIVE_COMPILATION_CONDITIONS = DEBUG;
				SWIFT_OPTIMIZATION_LEVEL = "-Onone";
			};
			name = Debug;
		};
		BB7689F3265E71E1003A15AB /* Release */ = {
			isa = XCBuildConfiguration;
			buildSettings = {
				ALWAYS_SEARCH_USER_PATHS = NO;
				CLANG_ANALYZER_NONNULL = YES;
				CLANG_ANALYZER_NUMBER_OBJECT_CONVERSION = YES_AGGRESSIVE;
				CLANG_CXX_LANGUAGE_STANDARD = "gnu++14";
				CLANG_CXX_LIBRARY = "libc++";
				CLANG_ENABLE_MODULES = YES;
				CLANG_ENABLE_OBJC_ARC = YES;
				CLANG_ENABLE_OBJC_WEAK = YES;
				CLANG_WARN_BLOCK_CAPTURE_AUTORELEASING = YES;
				CLANG_WARN_BOOL_CONVERSION = YES;
				CLANG_WARN_COMMA = YES;
				CLANG_WARN_CONSTANT_CONVERSION = YES;
				CLANG_WARN_DEPRECATED_OBJC_IMPLEMENTATIONS = YES;
				CLANG_WARN_DIRECT_OBJC_ISA_USAGE = YES_ERROR;
				CLANG_WARN_DOCUMENTATION_COMMENTS = YES;
				CLANG_WARN_EMPTY_BODY = YES;
				CLANG_WARN_ENUM_CONVERSION = YES;
				CLANG_WARN_INFINITE_RECURSION = YES;
				CLANG_WARN_INT_CONVERSION = YES;
				CLANG_WARN_NON_LITERAL_NULL_CONVERSION = YES;
				CLANG_WARN_OBJC_IMPLICIT_RETAIN_SELF = YES;
				CLANG_WARN_OBJC_LITERAL_CONVERSION = YES;
				CLANG_WARN_OBJC_ROOT_CLASS = YES_ERROR;
				CLANG_WARN_QUOTED_INCLUDE_IN_FRAMEWORK_HEADER = YES;
				CLANG_WARN_RANGE_LOOP_ANALYSIS = YES;
				CLANG_WARN_STRICT_PROTOTYPES = YES;
				CLANG_WARN_SUSPICIOUS_MOVE = YES;
				CLANG_WARN_UNGUARDED_AVAILABILITY = YES_AGGRESSIVE;
				CLANG_WARN_UNREACHABLE_CODE = YES;
				CLANG_WARN__DUPLICATE_METHOD_MATCH = YES;
				COPY_PHASE_STRIP = NO;
				DEBUG_INFORMATION_FORMAT = "dwarf-with-dsym";
				ENABLE_NS_ASSERTIONS = NO;
				ENABLE_STRICT_OBJC_MSGSEND = YES;
				GCC_C_LANGUAGE_STANDARD = gnu11;
				GCC_NO_COMMON_BLOCKS = YES;
				GCC_WARN_64_TO_32_BIT_CONVERSION = YES;
				GCC_WARN_ABOUT_RETURN_TYPE = YES_ERROR;
				GCC_WARN_UNDECLARED_SELECTOR = YES;
				GCC_WARN_UNINITIALIZED_AUTOS = YES_AGGRESSIVE;
				GCC_WARN_UNUSED_FUNCTION = YES;
				GCC_WARN_UNUSED_VARIABLE = YES;
				IPHONEOS_DEPLOYMENT_TARGET = 14.5;
				MTL_ENABLE_DEBUG_INFO = NO;
				MTL_FAST_MATH = YES;
				SDKROOT = iphoneos;
				SWIFT_COMPILATION_MODE = wholemodule;
				SWIFT_OPTIMIZATION_LEVEL = "-O";
				VALIDATE_PRODUCT = YES;
			};
			name = Release;
		};
		BB7689F5265E71E1003A15AB /* Debug */ = {
			isa = XCBuildConfiguration;
			baseConfigurationReference = C8195AAA7FF1F1B522870A03 /* Pods-Adori Sample App.debug.xcconfig */;
			buildSettings = {
				ASSETCATALOG_COMPILER_APPICON_NAME = AppIcon;
				ASSETCATALOG_COMPILER_GLOBAL_ACCENT_COLOR_NAME = AccentColor;
				CODE_SIGN_STYLE = Automatic;
				DEVELOPMENT_TEAM = 6Y9WSNDSY7;
				INFOPLIST_FILE = "Adori Sample App/Info.plist";
				LD_RUNPATH_SEARCH_PATHS = (
					"$(inherited)",
					"@executable_path/Frameworks",
				);
				OTHER_LDFLAGS = (
					"$(inherited)",
					"-framework",
					"\"AdoriAPIService\"",
					"-framework",
					"\"AdoriAudioPlayer\"",
					"-framework",
					"\"AdoriDecoder\"",
					"-framework",
					"\"AdoriPlayerUI\"",
					"-framework",
					"\"AdoriTagsUI\"",
					"-framework",
					"\"Cache\"",
					"-framework",
					"\"DLRadioButton\"",
					"-framework",
					"\"MDFInternationalization\"",
					"-framework",
					"\"MDFTextAccessibility\"",
					"-framework",
					"\"MaterialComponents\"",
					"-framework",
					"\"UBottomSheet\"",
					"-ObjC",
				);
				PRODUCT_BUNDLE_IDENTIFIER = com.adorilabs.example.ios;
				PRODUCT_NAME = "$(TARGET_NAME)";
				SWIFT_VERSION = 5.0;
				TARGETED_DEVICE_FAMILY = "1,2";
			};
			name = Debug;
		};
		BB7689F6265E71E1003A15AB /* Release */ = {
			isa = XCBuildConfiguration;
			baseConfigurationReference = BC8CB1CBE914B03AE20C7F83 /* Pods-Adori Sample App.release.xcconfig */;
			buildSettings = {
				ASSETCATALOG_COMPILER_APPICON_NAME = AppIcon;
				ASSETCATALOG_COMPILER_GLOBAL_ACCENT_COLOR_NAME = AccentColor;
				CODE_SIGN_STYLE = Automatic;
				DEVELOPMENT_TEAM = 6Y9WSNDSY7;
				INFOPLIST_FILE = "Adori Sample App/Info.plist";
				LD_RUNPATH_SEARCH_PATHS = (
					"$(inherited)",
					"@executable_path/Frameworks",
				);
				OTHER_LDFLAGS = (
					"$(inherited)",
					"-framework",
					"\"AdoriAPIService\"",
					"-framework",
					"\"AdoriAudioPlayer\"",
					"-framework",
					"\"AdoriDecoder\"",
					"-framework",
					"\"AdoriPlayerUI\"",
					"-framework",
					"\"AdoriTagsUI\"",
					"-framework",
					"\"Cache\"",
					"-framework",
					"\"DLRadioButton\"",
					"-framework",
					"\"MDFInternationalization\"",
					"-framework",
					"\"MDFTextAccessibility\"",
					"-framework",
					"\"MaterialComponents\"",
					"-framework",
					"\"UBottomSheet\"",
					"-ObjC",
				);
				PRODUCT_BUNDLE_IDENTIFIER = com.adorilabs.example.ios;
				PRODUCT_NAME = "$(TARGET_NAME)";
				SWIFT_VERSION = 5.0;
				TARGETED_DEVICE_FAMILY = "1,2";
			};
			name = Release;
		};
/* End XCBuildConfiguration section */

/* Begin XCConfigurationList section */
		BB7689DB265E71DF003A15AB /* Build configuration list for PBXProject "Adori Sample App" */ = {
			isa = XCConfigurationList;
			buildConfigurations = (
				BB7689F2265E71E1003A15AB /* Debug */,
				BB7689F3265E71E1003A15AB /* Release */,
			);
			defaultConfigurationIsVisible = 0;
			defaultConfigurationName = Release;
		};
		BB7689F4265E71E1003A15AB /* Build configuration list for PBXNativeTarget "Adori Sample App" */ = {
			isa = XCConfigurationList;
			buildConfigurations = (
				BB7689F5265E71E1003A15AB /* Debug */,
				BB7689F6265E71E1003A15AB /* Release */,
			);
			defaultConfigurationIsVisible = 0;
			defaultConfigurationName = Release;
		};
/* End XCConfigurationList section */
	};
	rootObject = BB7689D8265E71DF003A15AB /* Project object */;
}
